
Microsoft Visual Studio Solution File, Format Version 12.00
# Visual Studio Version 17
VisualStudioVersion = 17.5.33516.290
MinimumVisualStudioVersion = 10.0.40219.1
Project("{FAE04EC0-301F-11D3-BF4B-00C04F79EFBC}") = "zad5_projekt_Stanulewicz_57379", "zad5_projekt_Stanulewicz_57379\zad5_projekt_Stanulewicz_57379.csproj", "{D464969F-2DD3-46AF-908E-86CEB18F6F3F}"
EndProject
Global
	GlobalSection(SolutionConfigurationPlatforms) = preSolution
		Debug|Any CPU = Debug|Any CPU
		Release|Any CPU = Release|Any CPU
	EndGlobalSection
	GlobalSection(ProjectConfigurationPlatforms) = postSolution
		{D464969F-2DD3-46AF-908E-86CEB18F6F3F}.Debug|Any CPU.ActiveCfg = Debug|Any CPU
		{D464969F-2DD3-46AF-908E-86CEB18F6F3F}.Debug|Any CPU.Build.0 = Debug|Any CPU
		{D464969F-2DD3-46AF-908E-86CEB18F6F3F}.Release|Any CPU.ActiveCfg = Release|Any CPU
		{D464969F-2DD3-46AF-908E-86CEB18F6F3F}.Release|Any CPU.Build.0 = Release|Any CPU
	EndGlobalSection
	GlobalSection(SolutionProperties) = preSolution
		HideSolutionNode = FALSE
	EndGlobalSection
	GlobalSection(ExtensibilityGlobals) = postSolution
		SolutionGuid = {3E2DDE7A-05E6-48AC-A0D9-E649DC6C6772}
	EndGlobalSection
EndGlobal
